
Microsoft Visual Studio Solution File, Format Version 12.00
# Visual Studio 15
VisualStudioVersion = 15.0.28010.2003
MinimumVisualStudioVersion = 10.0.40219.1
Project("{FAE04EC0-301F-11D3-BF4B-00C04F79EFBC}") = "JWTGenerator", "JWTGenerator\JWTGenerator.csproj", "{A391C80B-CFA2-4AD7-957A-E472C5D3E1AD}"
EndProject
Global
	GlobalSection(SolutionConfigurationPlatforms) = preSolution
		Debug|Any CPU = Debug|Any CPU
		Release|Any CPU = Release|Any CPU
	EndGlobalSection
	GlobalSection(ProjectConfigurationPlatforms) = postSolution
		{A391C80B-CFA2-4AD7-957A-E472C5D3E1AD}.Debug|Any CPU.ActiveCfg = Debug|Any CPU
		{A391C80B-CFA2-4AD7-957A-E472C5D3E1AD}.Debug|Any CPU.Build.0 = Debug|Any CPU
		{A391C80B-CFA2-4AD7-957A-E472C5D3E1AD}.Release|Any CPU.ActiveCfg = Release|Any CPU
		{A391C80B-CFA2-4AD7-957A-E472C5D3E1AD}.Release|Any CPU.Build.0 = Release|Any CPU
	EndGlobalSection
	GlobalSection(SolutionProperties) = preSolution
		HideSolutionNode = FALSE
	EndGlobalSection
	GlobalSection(ExtensibilityGlobals) = postSolution
		SolutionGuid = {C4B29CCA-1D0A-45A2-A9A4-725A953E9F6B}
	EndGlobalSection
EndGlobal
